
Microsoft Visual Studio Solution File, Format Version 12.00
# Visual Studio Version 16
VisualStudioVersion = 16.0.29306.81
MinimumVisualStudioVersion = 10.0.40219.1
Project("{FAE04EC0-301F-11D3-BF4B-00C04F79EFBC}") = "Clase6", "Clase6\Clase6.csproj", "{749C94B7-7682-4CE3-832D-5698DB889263}"
EndProject
Global
	GlobalSection(SolutionConfigurationPlatforms) = preSolution
		Debug|Any CPU = Debug|Any CPU
		Release|Any CPU = Release|Any CPU
	EndGlobalSection
	GlobalSection(ProjectConfigurationPlatforms) = postSolution
		{749C94B7-7682-4CE3-832D-5698DB889263}.Debug|Any CPU.ActiveCfg = Debug|Any CPU
		{749C94B7-7682-4CE3-832D-5698DB889263}.Debug|Any CPU.Build.0 = Debug|Any CPU
		{749C94B7-7682-4CE3-832D-5698DB889263}.Release|Any CPU.ActiveCfg = Release|Any CPU
		{749C94B7-7682-4CE3-832D-5698DB889263}.Release|Any CPU.Build.0 = Release|Any CPU
	EndGlobalSection
	GlobalSection(SolutionProperties) = preSolution
		HideSolutionNode = FALSE
	EndGlobalSection
	GlobalSection(ExtensibilityGlobals) = postSolution
		SolutionGuid = {A1548C04-98A9-4626-8D41-A6F27DBE0B52}
	EndGlobalSection
EndGlobal
